
Microsoft Visual Studio Solution File, Format Version 12.00
# Visual Studio Version 17
VisualStudioVersion = 17.7.34202.233
MinimumVisualStudioVersion = 10.0.40219.1
Project("{FAE04EC0-301F-11D3-BF4B-00C04F79EFBC}") = "Ejercicio4", "Ejercicio4\Ejercicio4.csproj", "{C870913E-49A3-4AF7-93AD-AD656C041585}"
EndProject
Global
	GlobalSection(SolutionConfigurationPlatforms) = preSolution
		Debug|Any CPU = Debug|Any CPU
		Release|Any CPU = Release|Any CPU
	EndGlobalSection
	GlobalSection(ProjectConfigurationPlatforms) = postSolution
		{C870913E-49A3-4AF7-93AD-AD656C041585}.Debug|Any CPU.ActiveCfg = Debug|Any CPU
		{C870913E-49A3-4AF7-93AD-AD656C041585}.Debug|Any CPU.Build.0 = Debug|Any CPU
		{C870913E-49A3-4AF7-93AD-AD656C041585}.Release|Any CPU.ActiveCfg = Release|Any CPU
		{C870913E-49A3-4AF7-93AD-AD656C041585}.Release|Any CPU.Build.0 = Release|Any CPU
	EndGlobalSection
	GlobalSection(SolutionProperties) = preSolution
		HideSolutionNode = FALSE
	EndGlobalSection
	GlobalSection(ExtensibilityGlobals) = postSolution
		SolutionGuid = {D25145B8-C65A-4BB1-8D2E-12999CDC0B7E}
	EndGlobalSection
EndGlobal
